
Microsoft Visual Studio Solution File, Format Version 12.00
# Visual Studio Version 17
VisualStudioVersion = 17.9.34728.123
MinimumVisualStudioVersion = 10.0.40219.1
Project("{FAE04EC0-301F-11D3-BF4B-00C04F79EFBC}") = "WebApi", "WebApi\WebApi.csproj", "{5BABAB16-837A-424B-AF52-BD65C31A27ED}"
EndProject
Global
	GlobalSection(SolutionConfigurationPlatforms) = preSolution
		Debug|Any CPU = Debug|Any CPU
		Release|Any CPU = Release|Any CPU
	EndGlobalSection
	GlobalSection(ProjectConfigurationPlatforms) = postSolution
		{5BABAB16-837A-424B-AF52-BD65C31A27ED}.Debug|Any CPU.ActiveCfg = Debug|Any CPU
		{5BABAB16-837A-424B-AF52-BD65C31A27ED}.Debug|Any CPU.Build.0 = Debug|Any CPU
		{5BABAB16-837A-424B-AF52-BD65C31A27ED}.Release|Any CPU.ActiveCfg = Release|Any CPU
		{5BABAB16-837A-424B-AF52-BD65C31A27ED}.Release|Any CPU.Build.0 = Release|Any CPU
	EndGlobalSection
	GlobalSection(SolutionProperties) = preSolution
		HideSolutionNode = FALSE
	EndGlobalSection
	GlobalSection(ExtensibilityGlobals) = postSolution
		SolutionGuid = {AEAC60CA-AA01-4140-81EA-BD5148D1A85C}
	EndGlobalSection
EndGlobal
