
Microsoft Visual Studio Solution File, Format Version 12.00
# Visual Studio Version 17
VisualStudioVersion = 17.5.002.0
MinimumVisualStudioVersion = 10.0.40219.1
Project("{9A19103F-16F7-4668-BE54-9A1E7A4F7556}") = "ModuloApi", "ModuloApi.csproj", "{E49F8B54-D2A2-4E3B-B173-FD7CA0F96837}"
EndProject
Global
	GlobalSection(SolutionConfigurationPlatforms) = preSolution
		Debug|Any CPU = Debug|Any CPU
		Release|Any CPU = Release|Any CPU
	EndGlobalSection
	GlobalSection(ProjectConfigurationPlatforms) = postSolution
		{E49F8B54-D2A2-4E3B-B173-FD7CA0F96837}.Debug|Any CPU.ActiveCfg = Debug|Any CPU
		{E49F8B54-D2A2-4E3B-B173-FD7CA0F96837}.Debug|Any CPU.Build.0 = Debug|Any CPU
		{E49F8B54-D2A2-4E3B-B173-FD7CA0F96837}.Release|Any CPU.ActiveCfg = Release|Any CPU
		{E49F8B54-D2A2-4E3B-B173-FD7CA0F96837}.Release|Any CPU.Build.0 = Release|Any CPU
	EndGlobalSection
	GlobalSection(SolutionProperties) = preSolution
		HideSolutionNode = FALSE
	EndGlobalSection
	GlobalSection(ExtensibilityGlobals) = postSolution
		SolutionGuid = {9BCA20A3-A46D-4AE0-8B42-275830696533}
	EndGlobalSection
EndGlobal
